
Microsoft Visual Studio Solution File, Format Version 12.00
# Visual Studio Version 16
VisualStudioVersion = 16.0.808.6
MinimumVisualStudioVersion = 10.0.40219.1
Project("{FAE04EC0-301F-11D3-BF4B-00C04F79EFBC}") = "DiffMatchProject", "DiffMatchProject\DiffMatchProject.csproj", "{376AB860-3521-4399-B2EC-6828B365A1AB}"
EndProject
Global
	GlobalSection(SolutionConfigurationPlatforms) = preSolution
		Debug|Any CPU = Debug|Any CPU
		Release|Any CPU = Release|Any CPU
	EndGlobalSection
	GlobalSection(ProjectConfigurationPlatforms) = postSolution
		{376AB860-3521-4399-B2EC-6828B365A1AB}.Debug|Any CPU.ActiveCfg = Debug|Any CPU
		{376AB860-3521-4399-B2EC-6828B365A1AB}.Debug|Any CPU.Build.0 = Debug|Any CPU
		{376AB860-3521-4399-B2EC-6828B365A1AB}.Release|Any CPU.ActiveCfg = Release|Any CPU
		{376AB860-3521-4399-B2EC-6828B365A1AB}.Release|Any CPU.Build.0 = Release|Any CPU
	EndGlobalSection
	GlobalSection(SolutionProperties) = preSolution
		HideSolutionNode = FALSE
	EndGlobalSection
	GlobalSection(ExtensibilityGlobals) = postSolution
		SolutionGuid = {B8349558-9554-4FC7-8712-70036D7F4B86}
	EndGlobalSection
EndGlobal
